// !$*UTF8*$!
{
	archiveVersion = 1;
	classes = {
	};
	objectVersion = 56;
	objects = {

/* Begin PBXBuildFile section */
		A504F8D32A81714B00D94AEA /* AppDelegate.swift in Sources */ = {isa = PBXBuildFile; fileRef = A504F8D22A81714B00D94AEA /* AppDelegate.swift */; };
		A504F8D52A81714B00D94AEA /* SceneDelegate.swift in Sources */ = {isa = PBXBuildFile; fileRef = A504F8D42A81714B00D94AEA /* SceneDelegate.swift */; };
		A504F8D72A81714B00D94AEA /* ViewController.swift in Sources */ = {isa = PBXBuildFile; fileRef = A504F8D62A81714B00D94AEA /* ViewController.swift */; };
		A504F8DA2A81714B00D94AEA /* Main.storyboard in Resources */ = {isa = PBXBuildFile; fileRef = A504F8D82A81714B00D94AEA /* Main.storyboard */; };
		A504F8DD2A81714B00D94AEA /* Sanjaya_Adhikari_FE_8899453.xcdatamodeld in Sources */ = {isa = PBXBuildFile; fileRef = A504F8DB2A81714B00D94AEA /* Sanjaya_Adhikari_FE_8899453.xcdatamodeld */; };
		A504F8DF2A81714C00D94AEA /* Assets.xcassets in Resources */ = {isa = PBXBuildFile; fileRef = A504F8DE2A81714C00D94AEA /* Assets.xcassets */; };
		A504F8E22A81714C00D94AEA /* LaunchScreen.storyboard in Resources */ = {isa = PBXBuildFile; fileRef = A504F8E02A81714C00D94AEA /* LaunchScreen.storyboard */; };
/* End PBXBuildFile section */

/* Begin PBXFileReference section */
		A504F8CF2A81714B00D94AEA /* Sanjaya_Adhikari_FE_8899453.app */ = {isa = PBXFileReference; explicitFileType = wrapper.application; includeInIndex = 0; path = Sanjaya_Adhikari_FE_8899453.app; sourceTree = BUILT_PRODUCTS_DIR; };
		A504F8D22A81714B00D94AEA /* AppDelegate.swift */ = {isa = PBXFileReference; lastKnownFileType = sourcecode.swift; path = AppDelegate.swift; sourceTree = "<group>"; };
		A504F8D42A81714B00D94AEA /* SceneDelegate.swift */ = {isa = PBXFileReference; lastKnownFileType = sourcecode.swift; path = SceneDelegate.swift; sourceTree = "<group>"; };
		A504F8D62A81714B00D94AEA /* ViewController.swift */ = {isa = PBXFileReference; lastKnownFileType = sourcecode.swift; path = ViewController.swift; sourceTree = "<group>"; };
		A504F8D92A81714B00D94AEA /* Base */ = {isa = PBXFileReference; lastKnownFileType = file.storyboard; name = Base; path = Base.lproj/Main.storyboard; sourceTree = "<group>"; };
		A504F8DC2A81714B00D94AEA /* Sanjaya_Adhikari_FE_8899453.xcdatamodel */ = {isa = PBXFileReference; lastKnownFileType = wrapper.xcdatamodel; path = Sanjaya_Adhikari_FE_8899453.xcdatamodel; sourceTree = "<group>"; };
		A504F8DE2A81714C00D94AEA /* Assets.xcassets */ = {isa = PBXFileReference; lastKnownFileType = folder.assetcatalog; path = Assets.xcassets; sourceTree = "<group>"; };
		A504F8E12A81714C00D94AEA /* Base */ = {isa = PBXFileReference; lastKnownFileType = file.storyboard; name = Base; path = Base.lproj/LaunchScreen.storyboard; sourceTree = "<group>"; };
		A504F8E32A81714C00D94AEA /* Info.plist */ = {isa = PBXFileReference; lastKnownFileType = text.plist.xml; path = Info.plist; sourceTree = "<group>"; };
/* End PBXFileReference section */

/* Begin PBXFrameworksBuildPhase section */
		A504F8CC2A81714B00D94AEA /* Frameworks */ = {
			isa = PBXFrameworksBuildPhase;
			buildActionMask = 2147483647;
			files = (
			);
			runOnlyForDeploymentPostprocessing = 0;
		};
/* End PBXFrameworksBuildPhase section */

/* Begin PBXGroup section */
		A504F8C62A81714B00D94AEA = {
			isa = PBXGroup;
			children = (
				A504F8D12A81714B00D94AEA /* Sanjaya_Adhikari_FE_8899453 */,
				A504F8D02A81714B00D94AEA /* Products */,
			);
			sourceTree = "<group>";
		};
		A504F8D02A81714B00D94AEA /* Products */ = {
			isa = PBXGroup;
			children = (
				A504F8CF2A81714B00D94AEA /* Sanjaya_Adhikari_FE_8899453.app */,
			);
			name = Products;
			sourceTree = "<group>";
		};
		A504F8D12A81714B00D94AEA /* Sanjaya_Adhikari_FE_8899453 */ = {
			isa = PBXGroup;
			children = (
				A504F8D22A81714B00D94AEA /* AppDelegate.swift */,
				A504F8D42A81714B00D94AEA /* SceneDelegate.swift */,
				A504F8D62A81714B00D94AEA /* ViewController.swift */,
				A504F8D82A81714B00D94AEA /* Main.storyboard */,
				A504F8DE2A81714C00D94AEA /* Assets.xcassets */,
				A504F8E02A81714C00D94AEA /* LaunchScreen.storyboard */,
				A504F8E32A81714C00D94AEA /* Info.plist */,
				A504F8DB2A81714B00D94AEA /* Sanjaya_Adhikari_FE_8899453.xcdatamodeld */,
			);
			path = Sanjaya_Adhikari_FE_8899453;
			sourceTree = "<group>";
		};
/* End PBXGroup section */

/* Begin PBXNativeTarget section */
		A504F8CE2A81714B00D94AEA /* Sanjaya_Adhikari_FE_8899453 */ = {
			isa = PBXNativeTarget;
			buildConfigurationList = A504F8E62A81714C00D94AEA /* Build configuration list for PBXNativeTarget "Sanjaya_Adhikari_FE_8899453" */;
			buildPhases = (
				A504F8CB2A81714B00D94AEA /* Sources */,
				A504F8CC2A81714B00D94AEA /* Frameworks */,
				A504F8CD2A81714B00D94AEA /* Resources */,
			);
			buildRules = (
			);
			dependencies = (
			);
			name = Sanjaya_Adhikari_FE_8899453;
			productName = Sanjaya_Adhikari_FE_8899453;
			productReference = A504F8CF2A81714B00D94AEA /* Sanjaya_Adhikari_FE_8899453.app */;
			productType = "com.apple.product-type.application";
		};
/* End PBXNativeTarget section */

/* Begin PBXProject section */
		A504F8C72A81714B00D94AEA /* Project object */ = {
			isa = PBXProject;
			attributes = {
				BuildIndependentTargetsInParallel = 1;
				LastSwiftUpdateCheck = 1430;
				LastUpgradeCheck = 1430;
				TargetAttributes = {
					A504F8CE2A81714B00D94AEA = {
						CreatedOnToolsVersion = 14.3;
					};
				};
			};
			buildConfigurationList = A504F8CA2A81714B00D94AEA /* Build configuration list for PBXProject "Sanjaya_Adhikari_FE_8899453" */;
			compatibilityVersion = "Xcode 14.0";
			developmentRegion = en;
			hasScannedForEncodings = 0;
			knownRegions = (
				en,
				Base,
			);
			mainGroup = A504F8C62A81714B00D94AEA;
			productRefGroup = A504F8D02A81714B00D94AEA /* Products */;
			projectDirPath = "";
			projectRoot = "";
			targets = (
				A504F8CE2A81714B00D94AEA /* Sanjaya_Adhikari_FE_8899453 */,
			);
		};
/* End PBXProject section */

/* Begin PBXResourcesBuildPhase section */
		A504F8CD2A81714B00D94AEA /* Resources */ = {
			isa = PBXResourcesBuildPhase;
			buildActionMask = 2147483647;
			files = (
				A504F8E22A81714C00D94AEA /* LaunchScreen.storyboard in Resources */,
				A504F8DF2A81714C00D94AEA /* Assets.xcassets in Resources */,
				A504F8DA2A81714B00D94AEA /* Main.storyboard in Resources */,
			);
			runOnlyForDeploymentPostprocessing = 0;
		};
/* End PBXResourcesBuildPhase section */

/* Begin PBXSourcesBuildPhase section */
		A504F8CB2A81714B00D94AEA /* Sources */ = {
			isa = PBXSourcesBuildPhase;
			buildActionMask = 2147483647;
			files = (
				A504F8D72A81714B00D94AEA /* ViewController.swift in Sources */,
				A504F8D32A81714B00D94AEA /* AppDelegate.swift in Sources */,
				A504F8DD2A81714B00D94AEA /* Sanjaya_Adhikari_FE_8899453.xcdatamodeld in Sources */,
				A504F8D52A81714B00D94AEA /* SceneDelegate.swift in Sources */,
			);
			runOnlyForDeploymentPostprocessing = 0;
		};
/* End PBXSourcesBuildPhase section */

/* Begin PBXVariantGroup section */
		A504F8D82A81714B00D94AEA /* Main.storyboard */ = {
			isa = PBXVariantGroup;
			children = (
				A504F8D92A81714B00D94AEA /* Base */,
			);
			name = Main.storyboard;
			sourceTree = "<group>";
		};
		A504F8E02A81714C00D94AEA /* LaunchScreen.storyboard */ = {
			isa = PBXVariantGroup;
			children = (
				A504F8E12A81714C00D94AEA /* Base */,
			);
			name = LaunchScreen.storyboard;
			sourceTree = "<group>";
		};
/* End PBXVariantGroup section */

/* Begin XCBuildConfiguration section */
		A504F8E42A81714C00D94AEA /* Debug */ = {
			isa = XCBuildConfiguration;
			buildSettings = {
				ALWAYS_SEARCH_USER_PATHS = NO;
				CLANG_ANALYZER_NONNULL = YES;
				CLANG_ANALYZER_NUMBER_OBJECT_CONVERSION = YES_AGGRESSIVE;
				CLANG_CXX_LANGUAGE_STANDARD = "gnu++20";
				CLANG_ENABLE_MODULES = YES;
				CLANG_ENABLE_OBJC_ARC = YES;
				CLANG_ENABLE_OBJC_WEAK = YES;
				CLANG_WARN_BLOCK_CAPTURE_AUTORELEASING = YES;
				CLANG_WARN_BOOL_CONVERSION = YES;
				CLANG_WARN_COMMA = YES;
				CLANG_WARN_CONSTANT_CONVERSION = YES;
				CLANG_WARN_DEPRECATED_OBJC_IMPLEMENTATIONS = YES;
				CLANG_WARN_DIRECT_OBJC_ISA_USAGE = YES_ERROR;
				CLANG_WARN_DOCUMENTATION_COMMENTS = YES;
				CLANG_WARN_EMPTY_BODY = YES;
				CLANG_WARN_ENUM_CONVERSION = YES;
				CLANG_WARN_INFINITE_RECURSION = YES;
				CLANG_WARN_INT_CONVERSION = YES;
				CLANG_WARN_NON_LITERAL_NULL_CONVERSION = YES;
				CLANG_WARN_OBJC_IMPLICIT_RETAIN_SELF = YES;
				CLANG_WARN_OBJC_LITERAL_CONVERSION = YES;
				CLANG_WARN_OBJC_ROOT_CLASS = YES_ERROR;
				CLANG_WARN_QUOTED_INCLUDE_IN_FRAMEWORK_HEADER = YES;
				CLANG_WARN_RANGE_LOOP_ANALYSIS = YES;
				CLANG_WARN_STRICT_PROTOTYPES = YES;
				CLANG_WARN_SUSPICIOUS_MOVE = YES;
				CLANG_WARN_UNGUARDED_AVAILABILITY = YES_AGGRESSIVE;
				CLANG_WARN_UNREACHABLE_CODE = YES;
				CLANG_WARN__DUPLICATE_METHOD_MATCH = YES;
				COPY_PHASE_STRIP = NO;
				DEBUG_INFORMATION_FORMAT = dwarf;
				ENABLE_STRICT_OBJC_MSGSEND = YES;
				ENABLE_TESTABILITY = YES;
				GCC_C_LANGUAGE_STANDARD = gnu11;
				GCC_DYNAMIC_NO_PIC = NO;
				GCC_NO_COMMON_BLOCKS = YES;
				GCC_OPTIMIZATION_LEVEL = 0;
				GCC_PREPROCESSOR_DEFINITIONS = (
					"DEBUG=1",
					"$(inherited)",
				);
				GCC_WARN_64_TO_32_BIT_CONVERSION = YES;
				GCC_WARN_ABOUT_RETURN_TYPE = YES_ERROR;
				GCC_WARN_UNDECLARED_SELECTOR = YES;
				GCC_WARN_UNINITIALIZED_AUTOS = YES_AGGRESSIVE;
				GCC_WARN_UNUSED_FUNCTION = YES;
				GCC_WARN_UNUSED_VARIABLE = YES;
				IPHONEOS_DEPLOYMENT_TARGET = 16.4;
				MTL_ENABLE_DEBUG_INFO = INCLUDE_SOURCE;
				MTL_FAST_MATH = YES;
				ONLY_ACTIVE_ARCH = YES;
				SDKROOT = iphoneos;
				SWIFT_ACTIVE_COMPILATION_CONDITIONS = DEBUG;
				SWIFT_OPTIMIZATION_LEVEL = "-Onone";
			};
			name = Debug;
		};
		A504F8E52A81714C00D94AEA /* Release */ = {
			isa = XCBuildConfiguration;
			buildSettings = {
				ALWAYS_SEARCH_USER_PATHS = NO;
				CLANG_ANALYZER_NONNULL = YES;
				CLANG_ANALYZER_NUMBER_OBJECT_CONVERSION = YES_AGGRESSIVE;
				CLANG_CXX_LANGUAGE_STANDARD = "gnu++20";
				CLANG_ENABLE_MODULES = YES;
				CLANG_ENABLE_OBJC_ARC = YES;
				CLANG_ENABLE_OBJC_WEAK = YES;
				CLANG_WARN_BLOCK_CAPTURE_AUTORELEASING = YES;
				CLANG_WARN_BOOL_CONVERSION = YES;
				CLANG_WARN_COMMA = YES;
				CLANG_WARN_CONSTANT_CONVERSION = YES;
				CLANG_WARN_DEPRECATED_OBJC_IMPLEMENTATIONS = YES;
				CLANG_WARN_DIRECT_OBJC_ISA_USAGE = YES_ERROR;
				CLANG_WARN_DOCUMENTATION_COMMENTS = YES;
				CLANG_WARN_EMPTY_BODY = YES;
				CLANG_WARN_ENUM_CONVERSION = YES;
				CLANG_WARN_INFINITE_RECURSION = YES;
				CLANG_WARN_INT_CONVERSION = YES;
				CLANG_WARN_NON_LITERAL_NULL_CONVERSION = YES;
				CLANG_WARN_OBJC_IMPLICIT_RETAIN_SELF = YES;
				CLANG_WARN_OBJC_LITERAL_CONVERSION = YES;
				CLANG_WARN_OBJC_ROOT_CLASS = YES_ERROR;
				CLANG_WARN_QUOTED_INCLUDE_IN_FRAMEWORK_HEADER = YES;
				CLANG_WARN_RANGE_LOOP_ANALYSIS = YES;
				CLANG_WARN_STRICT_PROTOTYPES = YES;
				CLANG_WARN_SUSPICIOUS_MOVE = YES;
				CLANG_WARN_UNGUARDED_AVAILABILITY = YES_AGGRESSIVE;
				CLANG_WARN_UNREACHABLE_CODE = YES;
				CLANG_WARN__DUPLICATE_METHOD_MATCH = YES;
				COPY_PHASE_STRIP = NO;
				DEBUG_INFORMATION_FORMAT = "dwarf-with-dsym";
				ENABLE_NS_ASSERTIONS = NO;
				ENABLE_STRICT_OBJC_MSGSEND = YES;
				GCC_C_LANGUAGE_STANDARD = gnu11;
				GCC_NO_COMMON_BLOCKS = YES;
				GCC_WARN_64_TO_32_BIT_CONVERSION = YES;
				GCC_WARN_ABOUT_RETURN_TYPE = YES_ERROR;
				GCC_WARN_UNDECLARED_SELECTOR = YES;
				GCC_WARN_UNINITIALIZED_AUTOS = YES_AGGRESSIVE;
				GCC_WARN_UNUSED_FUNCTION = YES;
				GCC_WARN_UNUSED_VARIABLE = YES;
				IPHONEOS_DEPLOYMENT_TARGET = 16.4;
				MTL_ENABLE_DEBUG_INFO = NO;
				MTL_FAST_MATH = YES;
				SDKROOT = iphoneos;
				SWIFT_COMPILATION_MODE = wholemodule;
				SWIFT_OPTIMIZATION_LEVEL = "-O";
				VALIDATE_PRODUCT = YES;
			};
			name = Release;
		};
		A504F8E72A81714C00D94AEA /* Debug */ = {
			isa = XCBuildConfiguration;
			buildSettings = {
				ASSETCATALOG_COMPILER_APPICON_NAME = AppIcon;
				ASSETCATALOG_COMPILER_GLOBAL_ACCENT_COLOR_NAME = AccentColor;
				CODE_SIGN_STYLE = Automatic;
				CURRENT_PROJECT_VERSION = 1;
				GENERATE_INFOPLIST_FILE = YES;
				INFOPLIST_FILE = Sanjaya_Adhikari_FE_8899453/Info.plist;
				INFOPLIST_KEY_UIApplicationSupportsIndirectInputEvents = YES;
				INFOPLIST_KEY_UILaunchStoryboardName = LaunchScreen;
				INFOPLIST_KEY_UIMainStoryboardFile = Main;
				INFOPLIST_KEY_UISupportedInterfaceOrientations_iPad = "UIInterfaceOrientationPortrait UIInterfaceOrientationPortraitUpsideDown UIInterfaceOrientationLandscapeLeft UIInterfaceOrientationLandscapeRight";
				INFOPLIST_KEY_UISupportedInterfaceOrientations_iPhone = "UIInterfaceOrientationPortrait UIInterfaceOrientationLandscapeLeft UIInterfaceOrientationLandscapeRight";
				LD_RUNPATH_SEARCH_PATHS = (
					"$(inherited)",
					"@executable_path/Frameworks",
				);
				MARKETING_VERSION = 1.0;
				PRODUCT_BUNDLE_IDENTIFIER = "Conestoga.Sanjaya-Adhikari-FE-8899453";
				PRODUCT_NAME = "$(TARGET_NAME)";
				SWIFT_EMIT_LOC_STRINGS = YES;
				SWIFT_VERSION = 5.0;
				TARGETED_DEVICE_FAMILY = "1,2";
			};
			name = Debug;
		};
		A504F8E82A81714C00D94AEA /* Release */ = {
			isa = XCBuildConfiguration;
			buildSettings = {
				ASSETCATALOG_COMPILER_APPICON_NAME = AppIcon;
				ASSETCATALOG_COMPILER_GLOBAL_ACCENT_COLOR_NAME = AccentColor;
				CODE_SIGN_STYLE = Automatic;
				CURRENT_PROJECT_VERSION = 1;
				GENERATE_INFOPLIST_FILE = YES;
				INFOPLIST_FILE = Sanjaya_Adhikari_FE_8899453/Info.plist;
				INFOPLIST_KEY_UIApplicationSupportsIndirectInputEvents = YES;
				INFOPLIST_KEY_UILaunchStoryboardName = LaunchScreen;
				INFOPLIST_KEY_UIMainStoryboardFile = Main;
				INFOPLIST_KEY_UISupportedInterfaceOrientations_iPad = "UIInterfaceOrientationPortrait UIInterfaceOrientationPortraitUpsideDown UIInterfaceOrientationLandscapeLeft UIInterfaceOrientationLandscapeRight";
				INFOPLIST_KEY_UISupportedInterfaceOrientations_iPhone = "UIInterfaceOrientationPortrait UIInterfaceOrientationLandscapeLeft UIInterfaceOrientationLandscapeRight";
				LD_RUNPATH_SEARCH_PATHS = (
					"$(inherited)",
					"@executable_path/Frameworks",
				);
				MARKETING_VERSION = 1.0;
				PRODUCT_BUNDLE_IDENTIFIER = "Conestoga.Sanjaya-Adhikari-FE-8899453";
				PRODUCT_NAME = "$(TARGET_NAME)";
				SWIFT_EMIT_LOC_STRINGS = YES;
				SWIFT_VERSION = 5.0;
				TARGETED_DEVICE_FAMILY = "1,2";
			};
			name = Release;
		};
/* End XCBuildConfiguration section */

/* Begin XCConfigurationList section */
		A504F8CA2A81714B00D94AEA /* Build configuration list for PBXProject "Sanjaya_Adhikari_FE_8899453" */ = {
			isa = XCConfigurationList;
			buildConfigurations = (
				A504F8E42A81714C00D94AEA /* Debug */,
				A504F8E52A81714C00D94AEA /* Release */,
			);
			defaultConfigurationIsVisible = 0;
			defaultConfigurationName = Release;
		};
		A504F8E62A81714C00D94AEA /* Build configuration list for PBXNativeTarget "Sanjaya_Adhikari_FE_8899453" */ = {
			isa = XCConfigurationList;
			buildConfigurations = (
				A504F8E72A81714C00D94AEA /* Debug */,
				A504F8E82A81714C00D94AEA /* Release */,
			);
			defaultConfigurationIsVisible = 0;
			defaultConfigurationName = Release;
		};
/* End XCConfigurationList section */

/* Begin XCVersionGroup section */
		A504F8DB2A81714B00D94AEA /* Sanjaya_Adhikari_FE_8899453.xcdatamodeld */ = {
			isa = XCVersionGroup;
			children = (
				A504F8DC2A81714B00D94AEA /* Sanjaya_Adhikari_FE_8899453.xcdatamodel */,
			);
			currentVersion = A504F8DC2A81714B00D94AEA /* Sanjaya_Adhikari_FE_8899453.xcdatamodel */;
			path = Sanjaya_Adhikari_FE_8899453.xcdatamodeld;
			sourceTree = "<group>";
			versionGroupType = wrapper.xcdatamodel;
		};
/* End XCVersionGroup section */
	};
	rootObject = A504F8C72A81714B00D94AEA /* Project object */;
}
